<?xml version="1.0" encoding="UTF-8" standalone="yes" ?>
<CodeBlocks_project_file>
	<FileVersion major="1" minor="6" />
	<Project>
		<Option title="MIDITOR" />
		<Option pch_mode="2" />
		<Option compiler="gcc" />
		<Build>
			<Target title="Debug">
				<Option output="bin/Debug/MIDITOR" prefix_auto="1" extension_auto="1" />
				<Option working_dir="../MIDITOR" />
				<Option object_output="obj/Debug/" />
				<Option type="1" />
				<Option compiler="gcc" />
				<Compiler>
					<Add option="-g" />
				</Compiler>
			</Target>
			<Target title="Release">
				<Option output="bin/Release/MIDITOR" prefix_auto="1" extension_auto="1" />
				<Option working_dir="../MIDITOR" />
				<Option object_output="obj/Release/" />
				<Option type="1" />
				<Option compiler="gcc" />
				<Compiler>
					<Add option="-O2" />
				</Compiler>
				<Linker>
					<Add option="-s" />
				</Linker>
			</Target>
		</Build>
		<Compiler>
			<Add option="-Wall" />
			<Add option="-D__LINUX__" />
		</Compiler>
		<Unit filename="MIDITOR.cpp" />
		<Unit filename="MIDITOR.h" />
		<Unit filename="Main.cpp" />
		<Unit filename="Sys.h" />
		<Unit filename="SysLinux.cpp" />
		<Extensions>
			<code_completion />
			<debugger />
		</Extensions>
	</Project>
</CodeBlocks_project_file>
